
Microsoft Visual Studio Solution File, Format Version 12.00
# Visual Studio 14
VisualStudioVersion = 14.0.25420.1
MinimumVisualStudioVersion = 10.0.40219.1
Project("{8BC9CEB8-8B4A-11D0-8D11-00A0C91BC942}") = "OpenGL", "OpenGL\OpenGL.vcxproj", "{52E4BAEC-6A6E-4B18-9865-09EB3824D558}"
EndProject
Project("{8BC9CEB8-8B4A-11D0-8D11-00A0C91BC942}") = "OpenGL2", "OpenGL2\OpenGL2.vcxproj", "{C6C9F9F5-C31B-47D9-B916-D183DD382E17}"
EndProject
Project("{8BC9CEB8-8B4A-11D0-8D11-00A0C91BC942}") = "OpenGL3", "OpenGL3\OpenGL3.vcxproj", "{A557D1BE-C0E9-4F15-BADF-1558917BAFF9}"
EndProject
Global
	GlobalSection(SolutionConfigurationPlatforms) = preSolution
		Debug|x64 = Debug|x64
		Debug|x86 = Debug|x86
		Release|x64 = Release|x64
		Release|x86 = Release|x86
	EndGlobalSection
	GlobalSection(ProjectConfigurationPlatforms) = postSolution
		{52E4BAEC-6A6E-4B18-9865-09EB3824D558}.Debug|x64.ActiveCfg = Debug|x64
		{52E4BAEC-6A6E-4B18-9865-09EB3824D558}.Debug|x64.Build.0 = Debug|x64
		{52E4BAEC-6A6E-4B18-9865-09EB3824D558}.Debug|x86.ActiveCfg = Debug|Win32
		{52E4BAEC-6A6E-4B18-9865-09EB3824D558}.Debug|x86.Build.0 = Debug|Win32
		{52E4BAEC-6A6E-4B18-9865-09EB3824D558}.Release|x64.ActiveCfg = Release|x64
		{52E4BAEC-6A6E-4B18-9865-09EB3824D558}.Release|x64.Build.0 = Release|x64
		{52E4BAEC-6A6E-4B18-9865-09EB3824D558}.Release|x86.ActiveCfg = Release|Win32
		{52E4BAEC-6A6E-4B18-9865-09EB3824D558}.Release|x86.Build.0 = Release|Win32
		{C6C9F9F5-C31B-47D9-B916-D183DD382E17}.Debug|x64.ActiveCfg = Debug|x64
		{C6C9F9F5-C31B-47D9-B916-D183DD382E17}.Debug|x64.Build.0 = Debug|x64
		{C6C9F9F5-C31B-47D9-B916-D183DD382E17}.Debug|x86.ActiveCfg = Debug|Win32
		{C6C9F9F5-C31B-47D9-B916-D183DD382E17}.Debug|x86.Build.0 = Debug|Win32
		{C6C9F9F5-C31B-47D9-B916-D183DD382E17}.Release|x64.ActiveCfg = Release|x64
		{C6C9F9F5-C31B-47D9-B916-D183DD382E17}.Release|x64.Build.0 = Release|x64
		{C6C9F9F5-C31B-47D9-B916-D183DD382E17}.Release|x86.ActiveCfg = Release|Win32
		{C6C9F9F5-C31B-47D9-B916-D183DD382E17}.Release|x86.Build.0 = Release|Win32
		{A557D1BE-C0E9-4F15-BADF-1558917BAFF9}.Debug|x64.ActiveCfg = Debug|x64
		{A557D1BE-C0E9-4F15-BADF-1558917BAFF9}.Debug|x64.Build.0 = Debug|x64
		{A557D1BE-C0E9-4F15-BADF-1558917BAFF9}.Debug|x86.ActiveCfg = Debug|Win32
		{A557D1BE-C0E9-4F15-BADF-1558917BAFF9}.Debug|x86.Build.0 = Debug|Win32
		{A557D1BE-C0E9-4F15-BADF-1558917BAFF9}.Release|x64.ActiveCfg = Release|x64
		{A557D1BE-C0E9-4F15-BADF-1558917BAFF9}.Release|x64.Build.0 = Release|x64
		{A557D1BE-C0E9-4F15-BADF-1558917BAFF9}.Release|x86.ActiveCfg = Release|Win32
		{A557D1BE-C0E9-4F15-BADF-1558917BAFF9}.Release|x86.Build.0 = Release|Win32
	EndGlobalSection
	GlobalSection(SolutionProperties) = preSolution
		HideSolutionNode = FALSE
	EndGlobalSection
	GlobalSection(ExtensibilityGlobals) = postSolution
		SolutionGuid = {2E4363F2-5D1C-42B5-89EF-C018810FBE5D}
	EndGlobalSection
EndGlobal
